
Microsoft Visual Studio Solution File, Format Version 12.00
# Visual Studio Version 16
VisualStudioVersion = 16.0.30225.117
MinimumVisualStudioVersion = 15.0.26124.0
Project("{9A19103F-16F7-4668-BE54-9A1E7A4F7556}") = "sourcequery", "sourcequery\sourcequery.csproj", "{4AF5FF67-4C8E-4ACC-BA0E-601078BF102F}"
EndProject
Project("{9A19103F-16F7-4668-BE54-9A1E7A4F7556}") = "sourcequery-cli", "sourcequery-cli\sourcequery-cli.csproj", "{945FF74B-1A09-48F5-94FF-8769B8108CA1}"
EndProject
Project("{9A19103F-16F7-4668-BE54-9A1E7A4F7556}") = "sourcequery-test", "sourcequery-test\sourcequery-test.csproj", "{251AC781-109D-4389-88AA-70737C53678B}"
EndProject
Global
	GlobalSection(SolutionConfigurationPlatforms) = preSolution
		Debug|Any CPU = Debug|Any CPU
		Debug|x64 = Debug|x64
		Debug|x86 = Debug|x86
		Release|Any CPU = Release|Any CPU
		Release|x64 = Release|x64
		Release|x86 = Release|x86
	EndGlobalSection
	GlobalSection(ProjectConfigurationPlatforms) = postSolution
		{4AF5FF67-4C8E-4ACC-BA0E-601078BF102F}.Debug|Any CPU.ActiveCfg = Debug|Any CPU
		{4AF5FF67-4C8E-4ACC-BA0E-601078BF102F}.Debug|Any CPU.Build.0 = Debug|Any CPU
		{4AF5FF67-4C8E-4ACC-BA0E-601078BF102F}.Debug|x64.ActiveCfg = Debug|Any CPU
		{4AF5FF67-4C8E-4ACC-BA0E-601078BF102F}.Debug|x64.Build.0 = Debug|Any CPU
		{4AF5FF67-4C8E-4ACC-BA0E-601078BF102F}.Debug|x86.ActiveCfg = Debug|Any CPU
		{4AF5FF67-4C8E-4ACC-BA0E-601078BF102F}.Debug|x86.Build.0 = Debug|Any CPU
		{4AF5FF67-4C8E-4ACC-BA0E-601078BF102F}.Release|Any CPU.ActiveCfg = Release|Any CPU
		{4AF5FF67-4C8E-4ACC-BA0E-601078BF102F}.Release|Any CPU.Build.0 = Release|Any CPU
		{4AF5FF67-4C8E-4ACC-BA0E-601078BF102F}.Release|x64.ActiveCfg = Release|Any CPU
		{4AF5FF67-4C8E-4ACC-BA0E-601078BF102F}.Release|x64.Build.0 = Release|Any CPU
		{4AF5FF67-4C8E-4ACC-BA0E-601078BF102F}.Release|x86.ActiveCfg = Release|Any CPU
		{4AF5FF67-4C8E-4ACC-BA0E-601078BF102F}.Release|x86.Build.0 = Release|Any CPU
		{945FF74B-1A09-48F5-94FF-8769B8108CA1}.Debug|Any CPU.ActiveCfg = Debug|Any CPU
		{945FF74B-1A09-48F5-94FF-8769B8108CA1}.Debug|Any CPU.Build.0 = Debug|Any CPU
		{945FF74B-1A09-48F5-94FF-8769B8108CA1}.Debug|x64.ActiveCfg = Debug|Any CPU
		{945FF74B-1A09-48F5-94FF-8769B8108CA1}.Debug|x64.Build.0 = Debug|Any CPU
		{945FF74B-1A09-48F5-94FF-8769B8108CA1}.Debug|x86.ActiveCfg = Debug|Any CPU
		{945FF74B-1A09-48F5-94FF-8769B8108CA1}.Debug|x86.Build.0 = Debug|Any CPU
		{945FF74B-1A09-48F5-94FF-8769B8108CA1}.Release|Any CPU.ActiveCfg = Release|Any CPU
		{945FF74B-1A09-48F5-94FF-8769B8108CA1}.Release|Any CPU.Build.0 = Release|Any CPU
		{945FF74B-1A09-48F5-94FF-8769B8108CA1}.Release|x64.ActiveCfg = Release|Any CPU
		{945FF74B-1A09-48F5-94FF-8769B8108CA1}.Release|x64.Build.0 = Release|Any CPU
		{945FF74B-1A09-48F5-94FF-8769B8108CA1}.Release|x86.ActiveCfg = Release|Any CPU
		{945FF74B-1A09-48F5-94FF-8769B8108CA1}.Release|x86.Build.0 = Release|Any CPU
		{251AC781-109D-4389-88AA-70737C53678B}.Debug|Any CPU.ActiveCfg = Debug|Any CPU
		{251AC781-109D-4389-88AA-70737C53678B}.Debug|Any CPU.Build.0 = Debug|Any CPU
		{251AC781-109D-4389-88AA-70737C53678B}.Debug|x64.ActiveCfg = Debug|Any CPU
		{251AC781-109D-4389-88AA-70737C53678B}.Debug|x64.Build.0 = Debug|Any CPU
		{251AC781-109D-4389-88AA-70737C53678B}.Debug|x86.ActiveCfg = Debug|Any CPU
		{251AC781-109D-4389-88AA-70737C53678B}.Debug|x86.Build.0 = Debug|Any CPU
		{251AC781-109D-4389-88AA-70737C53678B}.Release|Any CPU.ActiveCfg = Release|Any CPU
		{251AC781-109D-4389-88AA-70737C53678B}.Release|Any CPU.Build.0 = Release|Any CPU
		{251AC781-109D-4389-88AA-70737C53678B}.Release|x64.ActiveCfg = Release|Any CPU
		{251AC781-109D-4389-88AA-70737C53678B}.Release|x64.Build.0 = Release|Any CPU
		{251AC781-109D-4389-88AA-70737C53678B}.Release|x86.ActiveCfg = Release|Any CPU
		{251AC781-109D-4389-88AA-70737C53678B}.Release|x86.Build.0 = Release|Any CPU
	EndGlobalSection
	GlobalSection(SolutionProperties) = preSolution
		HideSolutionNode = FALSE
	EndGlobalSection
	GlobalSection(ExtensibilityGlobals) = postSolution
		SolutionGuid = {1B55830C-E58E-464A-9982-3808B3F2C13B}
	EndGlobalSection
EndGlobal
